
Microsoft Visual Studio Solution File, Format Version 12.00
# Visual Studio 15
VisualStudioVersion = 15.0.27428.2037
MinimumVisualStudioVersion = 10.0.40219.1
Project("{FAE04EC0-301F-11D3-BF4B-00C04F79EFBC}") = "AppVNext.Notifier", "AppVNext.Notifier\AppVNext.Notifier.csproj", "{A4C223A8-6D90-4015-B417-64D01F9F1C9B}"
EndProject
Project("{9A19103F-16F7-4668-BE54-9A1E7A4F7556}") = "AppVNext.Notifier.Common", "AppVNext.Notifier.Common\AppVNext.Notifier.Common.csproj", "{71BC5B4C-E5E3-4C46-933D-A772CA3C0499}"
EndProject
Project("{FAE04EC0-301F-11D3-BF4B-00C04F79EFBC}") = "AppVNext.Notifier.Uwp", "AppVNext.Notifier.Uwp\AppVNext.Notifier.Uwp.csproj", "{0D1A6417-F76C-4562-A12B-B3E0AB90F294}"
EndProject
Project("{FAE04EC0-301F-11D3-BF4B-00C04F79EFBC}") = "AppVNext.Notifier.ConsoleUwp", "AppVNext.Notifier.ConsoleUwp\AppVNext.Notifier.ConsoleUwp.csproj", "{9EBF043A-3FF8-46CB-A204-3E3BDF35ED49}"
EndProject
Project("{930C7802-8A8C-48F9-8165-68863BCCD9DD}") = "AppVNext.Notifier.ConsoleUwp.Setup", "AppVNext.Notifier.ConsoleUwp.Setup\AppVNext.Notifier.ConsoleUwp.Setup.wixproj", "{6592E67D-A611-4643-B73F-3F1A7C1C5F50}"
EndProject
Global
	GlobalSection(SolutionConfigurationPlatforms) = preSolution
		All|Any CPU = All|Any CPU
		All|ARM = All|ARM
		All|x64 = All|x64
		All|x86 = All|x86
		Debug|Any CPU = Debug|Any CPU
		Debug|ARM = Debug|ARM
		Debug|x64 = Debug|x64
		Debug|x86 = Debug|x86
		Release|Any CPU = Release|Any CPU
		Release|ARM = Release|ARM
		Release|x64 = Release|x64
		Release|x86 = Release|x86
	EndGlobalSection
	GlobalSection(ProjectConfigurationPlatforms) = postSolution
		{A4C223A8-6D90-4015-B417-64D01F9F1C9B}.All|Any CPU.ActiveCfg = Release|Any CPU
		{A4C223A8-6D90-4015-B417-64D01F9F1C9B}.All|Any CPU.Build.0 = Release|Any CPU
		{A4C223A8-6D90-4015-B417-64D01F9F1C9B}.All|ARM.ActiveCfg = Release|Any CPU
		{A4C223A8-6D90-4015-B417-64D01F9F1C9B}.All|ARM.Build.0 = Release|Any CPU
		{A4C223A8-6D90-4015-B417-64D01F9F1C9B}.All|x64.ActiveCfg = Release|Any CPU
		{A4C223A8-6D90-4015-B417-64D01F9F1C9B}.All|x64.Build.0 = Release|Any CPU
		{A4C223A8-6D90-4015-B417-64D01F9F1C9B}.All|x86.ActiveCfg = Release|Any CPU
		{A4C223A8-6D90-4015-B417-64D01F9F1C9B}.All|x86.Build.0 = Release|Any CPU
		{A4C223A8-6D90-4015-B417-64D01F9F1C9B}.Debug|Any CPU.ActiveCfg = Debug|Any CPU
		{A4C223A8-6D90-4015-B417-64D01F9F1C9B}.Debug|Any CPU.Build.0 = Debug|Any CPU
		{A4C223A8-6D90-4015-B417-64D01F9F1C9B}.Debug|ARM.ActiveCfg = Debug|Any CPU
		{A4C223A8-6D90-4015-B417-64D01F9F1C9B}.Debug|ARM.Build.0 = Debug|Any CPU
		{A4C223A8-6D90-4015-B417-64D01F9F1C9B}.Debug|x64.ActiveCfg = Debug|Any CPU
		{A4C223A8-6D90-4015-B417-64D01F9F1C9B}.Debug|x64.Build.0 = Debug|Any CPU
		{A4C223A8-6D90-4015-B417-64D01F9F1C9B}.Debug|x86.ActiveCfg = Debug|Any CPU
		{A4C223A8-6D90-4015-B417-64D01F9F1C9B}.Debug|x86.Build.0 = Debug|Any CPU
		{A4C223A8-6D90-4015-B417-64D01F9F1C9B}.Release|Any CPU.ActiveCfg = Release|Any CPU
		{A4C223A8-6D90-4015-B417-64D01F9F1C9B}.Release|Any CPU.Build.0 = Release|Any CPU
		{A4C223A8-6D90-4015-B417-64D01F9F1C9B}.Release|ARM.ActiveCfg = Release|Any CPU
		{A4C223A8-6D90-4015-B417-64D01F9F1C9B}.Release|ARM.Build.0 = Release|Any CPU
		{A4C223A8-6D90-4015-B417-64D01F9F1C9B}.Release|x64.ActiveCfg = Release|Any CPU
		{A4C223A8-6D90-4015-B417-64D01F9F1C9B}.Release|x64.Build.0 = Release|Any CPU
		{A4C223A8-6D90-4015-B417-64D01F9F1C9B}.Release|x86.ActiveCfg = Release|Any CPU
		{A4C223A8-6D90-4015-B417-64D01F9F1C9B}.Release|x86.Build.0 = Release|Any CPU
		{71BC5B4C-E5E3-4C46-933D-A772CA3C0499}.All|Any CPU.ActiveCfg = Release|Any CPU
		{71BC5B4C-E5E3-4C46-933D-A772CA3C0499}.All|Any CPU.Build.0 = Release|Any CPU
		{71BC5B4C-E5E3-4C46-933D-A772CA3C0499}.All|ARM.ActiveCfg = Release|Any CPU
		{71BC5B4C-E5E3-4C46-933D-A772CA3C0499}.All|ARM.Build.0 = Release|Any CPU
		{71BC5B4C-E5E3-4C46-933D-A772CA3C0499}.All|x64.ActiveCfg = Release|Any CPU
		{71BC5B4C-E5E3-4C46-933D-A772CA3C0499}.All|x64.Build.0 = Release|Any CPU
		{71BC5B4C-E5E3-4C46-933D-A772CA3C0499}.All|x86.ActiveCfg = Release|Any CPU
		{71BC5B4C-E5E3-4C46-933D-A772CA3C0499}.All|x86.Build.0 = Release|Any CPU
		{71BC5B4C-E5E3-4C46-933D-A772CA3C0499}.Debug|Any CPU.ActiveCfg = Debug|Any CPU
		{71BC5B4C-E5E3-4C46-933D-A772CA3C0499}.Debug|Any CPU.Build.0 = Debug|Any CPU
		{71BC5B4C-E5E3-4C46-933D-A772CA3C0499}.Debug|ARM.ActiveCfg = Debug|Any CPU
		{71BC5B4C-E5E3-4C46-933D-A772CA3C0499}.Debug|ARM.Build.0 = Debug|Any CPU
		{71BC5B4C-E5E3-4C46-933D-A772CA3C0499}.Debug|x64.ActiveCfg = Debug|Any CPU
		{71BC5B4C-E5E3-4C46-933D-A772CA3C0499}.Debug|x64.Build.0 = Debug|Any CPU
		{71BC5B4C-E5E3-4C46-933D-A772CA3C0499}.Debug|x86.ActiveCfg = Debug|Any CPU
		{71BC5B4C-E5E3-4C46-933D-A772CA3C0499}.Debug|x86.Build.0 = Debug|Any CPU
		{71BC5B4C-E5E3-4C46-933D-A772CA3C0499}.Release|Any CPU.ActiveCfg = Release|Any CPU
		{71BC5B4C-E5E3-4C46-933D-A772CA3C0499}.Release|Any CPU.Build.0 = Release|Any CPU
		{71BC5B4C-E5E3-4C46-933D-A772CA3C0499}.Release|ARM.ActiveCfg = Release|Any CPU
		{71BC5B4C-E5E3-4C46-933D-A772CA3C0499}.Release|ARM.Build.0 = Release|Any CPU
		{71BC5B4C-E5E3-4C46-933D-A772CA3C0499}.Release|x64.ActiveCfg = Release|Any CPU
		{71BC5B4C-E5E3-4C46-933D-A772CA3C0499}.Release|x64.Build.0 = Release|Any CPU
		{71BC5B4C-E5E3-4C46-933D-A772CA3C0499}.Release|x86.ActiveCfg = Release|Any CPU
		{71BC5B4C-E5E3-4C46-933D-A772CA3C0499}.Release|x86.Build.0 = Release|Any CPU
		{0D1A6417-F76C-4562-A12B-B3E0AB90F294}.All|Any CPU.ActiveCfg = Release|x64
		{0D1A6417-F76C-4562-A12B-B3E0AB90F294}.All|Any CPU.Build.0 = Release|x64
		{0D1A6417-F76C-4562-A12B-B3E0AB90F294}.All|Any CPU.Deploy.0 = Release|x64
		{0D1A6417-F76C-4562-A12B-B3E0AB90F294}.All|ARM.ActiveCfg = Release|ARM
		{0D1A6417-F76C-4562-A12B-B3E0AB90F294}.All|ARM.Build.0 = Release|ARM
		{0D1A6417-F76C-4562-A12B-B3E0AB90F294}.All|ARM.Deploy.0 = Release|ARM
		{0D1A6417-F76C-4562-A12B-B3E0AB90F294}.All|x64.ActiveCfg = Release|x64
		{0D1A6417-F76C-4562-A12B-B3E0AB90F294}.All|x64.Build.0 = Release|x64
		{0D1A6417-F76C-4562-A12B-B3E0AB90F294}.All|x64.Deploy.0 = Release|x64
		{0D1A6417-F76C-4562-A12B-B3E0AB90F294}.All|x86.ActiveCfg = Release|x86
		{0D1A6417-F76C-4562-A12B-B3E0AB90F294}.All|x86.Build.0 = Release|x86
		{0D1A6417-F76C-4562-A12B-B3E0AB90F294}.All|x86.Deploy.0 = Release|x86
		{0D1A6417-F76C-4562-A12B-B3E0AB90F294}.Debug|Any CPU.ActiveCfg = Debug|x86
		{0D1A6417-F76C-4562-A12B-B3E0AB90F294}.Debug|ARM.ActiveCfg = Debug|ARM
		{0D1A6417-F76C-4562-A12B-B3E0AB90F294}.Debug|ARM.Build.0 = Debug|ARM
		{0D1A6417-F76C-4562-A12B-B3E0AB90F294}.Debug|ARM.Deploy.0 = Debug|ARM
		{0D1A6417-F76C-4562-A12B-B3E0AB90F294}.Debug|x64.ActiveCfg = Debug|x64
		{0D1A6417-F76C-4562-A12B-B3E0AB90F294}.Debug|x64.Build.0 = Debug|x64
		{0D1A6417-F76C-4562-A12B-B3E0AB90F294}.Debug|x64.Deploy.0 = Debug|x64
		{0D1A6417-F76C-4562-A12B-B3E0AB90F294}.Debug|x86.ActiveCfg = Debug|x86
		{0D1A6417-F76C-4562-A12B-B3E0AB90F294}.Debug|x86.Build.0 = Debug|x86
		{0D1A6417-F76C-4562-A12B-B3E0AB90F294}.Debug|x86.Deploy.0 = Debug|x86
		{0D1A6417-F76C-4562-A12B-B3E0AB90F294}.Release|Any CPU.ActiveCfg = Release|x86
		{0D1A6417-F76C-4562-A12B-B3E0AB90F294}.Release|ARM.ActiveCfg = Release|ARM
		{0D1A6417-F76C-4562-A12B-B3E0AB90F294}.Release|ARM.Build.0 = Release|ARM
		{0D1A6417-F76C-4562-A12B-B3E0AB90F294}.Release|ARM.Deploy.0 = Release|ARM
		{0D1A6417-F76C-4562-A12B-B3E0AB90F294}.Release|x64.ActiveCfg = Release|x64
		{0D1A6417-F76C-4562-A12B-B3E0AB90F294}.Release|x64.Build.0 = Release|x64
		{0D1A6417-F76C-4562-A12B-B3E0AB90F294}.Release|x64.Deploy.0 = Release|x64
		{0D1A6417-F76C-4562-A12B-B3E0AB90F294}.Release|x86.ActiveCfg = Release|x86
		{0D1A6417-F76C-4562-A12B-B3E0AB90F294}.Release|x86.Build.0 = Release|x86
		{0D1A6417-F76C-4562-A12B-B3E0AB90F294}.Release|x86.Deploy.0 = Release|x86
		{9EBF043A-3FF8-46CB-A204-3E3BDF35ED49}.All|Any CPU.ActiveCfg = Release|Any CPU
		{9EBF043A-3FF8-46CB-A204-3E3BDF35ED49}.All|Any CPU.Build.0 = Release|Any CPU
		{9EBF043A-3FF8-46CB-A204-3E3BDF35ED49}.All|ARM.ActiveCfg = Release|Any CPU
		{9EBF043A-3FF8-46CB-A204-3E3BDF35ED49}.All|ARM.Build.0 = Release|Any CPU
		{9EBF043A-3FF8-46CB-A204-3E3BDF35ED49}.All|x64.ActiveCfg = Release|Any CPU
		{9EBF043A-3FF8-46CB-A204-3E3BDF35ED49}.All|x64.Build.0 = Release|Any CPU
		{9EBF043A-3FF8-46CB-A204-3E3BDF35ED49}.All|x86.ActiveCfg = Release|Any CPU
		{9EBF043A-3FF8-46CB-A204-3E3BDF35ED49}.All|x86.Build.0 = Release|Any CPU
		{9EBF043A-3FF8-46CB-A204-3E3BDF35ED49}.Debug|Any CPU.ActiveCfg = Debug|Any CPU
		{9EBF043A-3FF8-46CB-A204-3E3BDF35ED49}.Debug|Any CPU.Build.0 = Debug|Any CPU
		{9EBF043A-3FF8-46CB-A204-3E3BDF35ED49}.Debug|ARM.ActiveCfg = Debug|Any CPU
		{9EBF043A-3FF8-46CB-A204-3E3BDF35ED49}.Debug|ARM.Build.0 = Debug|Any CPU
		{9EBF043A-3FF8-46CB-A204-3E3BDF35ED49}.Debug|x64.ActiveCfg = Debug|Any CPU
		{9EBF043A-3FF8-46CB-A204-3E3BDF35ED49}.Debug|x64.Build.0 = Debug|Any CPU
		{9EBF043A-3FF8-46CB-A204-3E3BDF35ED49}.Debug|x86.ActiveCfg = Debug|Any CPU
		{9EBF043A-3FF8-46CB-A204-3E3BDF35ED49}.Debug|x86.Build.0 = Debug|Any CPU
		{9EBF043A-3FF8-46CB-A204-3E3BDF35ED49}.Release|Any CPU.ActiveCfg = Release|Any CPU
		{9EBF043A-3FF8-46CB-A204-3E3BDF35ED49}.Release|Any CPU.Build.0 = Release|Any CPU
		{9EBF043A-3FF8-46CB-A204-3E3BDF35ED49}.Release|ARM.ActiveCfg = Release|Any CPU
		{9EBF043A-3FF8-46CB-A204-3E3BDF35ED49}.Release|ARM.Build.0 = Release|Any CPU
		{9EBF043A-3FF8-46CB-A204-3E3BDF35ED49}.Release|x64.ActiveCfg = Release|Any CPU
		{9EBF043A-3FF8-46CB-A204-3E3BDF35ED49}.Release|x64.Build.0 = Release|Any CPU
		{9EBF043A-3FF8-46CB-A204-3E3BDF35ED49}.Release|x86.ActiveCfg = Release|Any CPU
		{9EBF043A-3FF8-46CB-A204-3E3BDF35ED49}.Release|x86.Build.0 = Release|Any CPU
		{6592E67D-A611-4643-B73F-3F1A7C1C5F50}.All|Any CPU.ActiveCfg = Release|x86
		{6592E67D-A611-4643-B73F-3F1A7C1C5F50}.All|Any CPU.Build.0 = Release|x86
		{6592E67D-A611-4643-B73F-3F1A7C1C5F50}.All|ARM.ActiveCfg = Release|x86
		{6592E67D-A611-4643-B73F-3F1A7C1C5F50}.All|ARM.Build.0 = Release|x86
		{6592E67D-A611-4643-B73F-3F1A7C1C5F50}.All|x64.ActiveCfg = Release|x86
		{6592E67D-A611-4643-B73F-3F1A7C1C5F50}.All|x64.Build.0 = Release|x86
		{6592E67D-A611-4643-B73F-3F1A7C1C5F50}.All|x86.ActiveCfg = Release|x86
		{6592E67D-A611-4643-B73F-3F1A7C1C5F50}.All|x86.Build.0 = Release|x86
		{6592E67D-A611-4643-B73F-3F1A7C1C5F50}.Debug|Any CPU.ActiveCfg = Debug|x86
		{6592E67D-A611-4643-B73F-3F1A7C1C5F50}.Debug|ARM.ActiveCfg = Debug|x86
		{6592E67D-A611-4643-B73F-3F1A7C1C5F50}.Debug|x64.ActiveCfg = Debug|x86
		{6592E67D-A611-4643-B73F-3F1A7C1C5F50}.Debug|x86.ActiveCfg = Debug|x86
		{6592E67D-A611-4643-B73F-3F1A7C1C5F50}.Debug|x86.Build.0 = Debug|x86
		{6592E67D-A611-4643-B73F-3F1A7C1C5F50}.Release|Any CPU.ActiveCfg = Release|x86
		{6592E67D-A611-4643-B73F-3F1A7C1C5F50}.Release|ARM.ActiveCfg = Release|x86
		{6592E67D-A611-4643-B73F-3F1A7C1C5F50}.Release|x64.ActiveCfg = Release|x86
		{6592E67D-A611-4643-B73F-3F1A7C1C5F50}.Release|x86.ActiveCfg = Release|x86
		{6592E67D-A611-4643-B73F-3F1A7C1C5F50}.Release|x86.Build.0 = Release|x86
	EndGlobalSection
	GlobalSection(SolutionProperties) = preSolution
		HideSolutionNode = FALSE
	EndGlobalSection
	GlobalSection(ExtensibilityGlobals) = postSolution
		SolutionGuid = {9F324833-6688-45FE-8524-BB54CC5DC627}
	EndGlobalSection
EndGlobal
